// !$*UTF8*$!
{
	archiveVersion = 1;
	classes = {
	};
	objectVersion = 46;
	objects = {

/* Begin PBXBuildFile section */
		5849652A1E3A308600FD570D /* AppDelegate.swift in Sources */ = {isa = PBXBuildFile; fileRef = 584965291E3A308600FD570D /* AppDelegate.swift */; };
		5849652F1E3A308600FD570D /* Main.storyboard in Resources */ = {isa = PBXBuildFile; fileRef = 5849652D1E3A308600FD570D /* Main.storyboard */; };
		584965311E3A308600FD570D /* Assets.xcassets in Resources */ = {isa = PBXBuildFile; fileRef = 584965301E3A308600FD570D /* Assets.xcassets */; };
		584965341E3A308600FD570D /* LaunchScreen.storyboard in Resources */ = {isa = PBXBuildFile; fileRef = 584965321E3A308600FD570D /* LaunchScreen.storyboard */; };
		584965451E3A32B400FD570D /* LineMakerController.swift in Sources */ = {isa = PBXBuildFile; fileRef = 584965431E3A32B400FD570D /* LineMakerController.swift */; };
		584965461E3A32B400FD570D /* LineMakerController.xib in Resources */ = {isa = PBXBuildFile; fileRef = 584965441E3A32B400FD570D /* LineMakerController.xib */; };
		5849654A1E3A381F00FD570D /* VideoFilterController.swift in Sources */ = {isa = PBXBuildFile; fileRef = 584965481E3A381F00FD570D /* VideoFilterController.swift */; };
		5849654B1E3A381F00FD570D /* VideoFilterController.xib in Resources */ = {isa = PBXBuildFile; fileRef = 584965491E3A381F00FD570D /* VideoFilterController.xib */; };
		5849654E1E3A6CC700FD570D /* FilterManager.swift in Sources */ = {isa = PBXBuildFile; fileRef = 5849654D1E3A6CC700FD570D /* FilterManager.swift */; };
		584965501E3A6CE300FD570D /* FilterTypes.swift in Sources */ = {isa = PBXBuildFile; fileRef = 5849654F1E3A6CE300FD570D /* FilterTypes.swift */; };
		584965531E3A6F7900FD570D /* DrawingView.swift in Sources */ = {isa = PBXBuildFile; fileRef = 584965521E3A6F7900FD570D /* DrawingView.swift */; };
/* End PBXBuildFile section */

/* Begin PBXFileReference section */
		584965261E3A308600FD570D /* LineMaker.app */ = {isa = PBXFileReference; explicitFileType = wrapper.application; includeInIndex = 0; path = LineMaker.app; sourceTree = BUILT_PRODUCTS_DIR; };
		584965291E3A308600FD570D /* AppDelegate.swift */ = {isa = PBXFileReference; lastKnownFileType = sourcecode.swift; path = AppDelegate.swift; sourceTree = "<group>"; };
		5849652E1E3A308600FD570D /* Base */ = {isa = PBXFileReference; lastKnownFileType = file.storyboard; name = Base; path = Base.lproj/Main.storyboard; sourceTree = "<group>"; };
		584965301E3A308600FD570D /* Assets.xcassets */ = {isa = PBXFileReference; lastKnownFileType = folder.assetcatalog; path = Assets.xcassets; sourceTree = "<group>"; };
		584965331E3A308600FD570D /* Base */ = {isa = PBXFileReference; lastKnownFileType = file.storyboard; name = Base; path = Base.lproj/LaunchScreen.storyboard; sourceTree = "<group>"; };
		584965351E3A308600FD570D /* Info.plist */ = {isa = PBXFileReference; lastKnownFileType = text.plist.xml; path = Info.plist; sourceTree = "<group>"; };
		584965431E3A32B400FD570D /* LineMakerController.swift */ = {isa = PBXFileReference; fileEncoding = 4; lastKnownFileType = sourcecode.swift; path = LineMakerController.swift; sourceTree = "<group>"; };
		584965441E3A32B400FD570D /* LineMakerController.xib */ = {isa = PBXFileReference; fileEncoding = 4; lastKnownFileType = file.xib; path = LineMakerController.xib; sourceTree = "<group>"; };
		584965481E3A381F00FD570D /* VideoFilterController.swift */ = {isa = PBXFileReference; fileEncoding = 4; lastKnownFileType = sourcecode.swift; path = VideoFilterController.swift; sourceTree = "<group>"; };
		584965491E3A381F00FD570D /* VideoFilterController.xib */ = {isa = PBXFileReference; fileEncoding = 4; lastKnownFileType = file.xib; path = VideoFilterController.xib; sourceTree = "<group>"; };
		5849654D1E3A6CC700FD570D /* FilterManager.swift */ = {isa = PBXFileReference; fileEncoding = 4; lastKnownFileType = sourcecode.swift; path = FilterManager.swift; sourceTree = "<group>"; };
		5849654F1E3A6CE300FD570D /* FilterTypes.swift */ = {isa = PBXFileReference; fileEncoding = 4; lastKnownFileType = sourcecode.swift; path = FilterTypes.swift; sourceTree = "<group>"; };
		584965521E3A6F7900FD570D /* DrawingView.swift */ = {isa = PBXFileReference; fileEncoding = 4; lastKnownFileType = sourcecode.swift; path = DrawingView.swift; sourceTree = "<group>"; };
/* End PBXFileReference section */

/* Begin PBXFrameworksBuildPhase section */
		584965231E3A308600FD570D /* Frameworks */ = {
			isa = PBXFrameworksBuildPhase;
			buildActionMask = 2147483647;
			files = (
			);
			runOnlyForDeploymentPostprocessing = 0;
		};
/* End PBXFrameworksBuildPhase section */

/* Begin PBXGroup section */
		5849651D1E3A308500FD570D = {
			isa = PBXGroup;
			children = (
				584965281E3A308600FD570D /* LineMaker */,
				584965271E3A308600FD570D /* Products */,
			);
			sourceTree = "<group>";
		};
		584965271E3A308600FD570D /* Products */ = {
			isa = PBXGroup;
			children = (
				584965261E3A308600FD570D /* LineMaker.app */,
			);
			name = Products;
			sourceTree = "<group>";
		};
		584965281E3A308600FD570D /* LineMaker */ = {
			isa = PBXGroup;
			children = (
				584965471E3A37FD00FD570D /* VideoFilter */,
				5849653E1E3A319C00FD570D /* Supporting Files */,
				5849653D1E3A318A00FD570D /* LineMaker */,
				584965291E3A308600FD570D /* AppDelegate.swift */,
				5849652D1E3A308600FD570D /* Main.storyboard */,
			);
			path = LineMaker;
			sourceTree = "<group>";
		};
		5849653D1E3A318A00FD570D /* LineMaker */ = {
			isa = PBXGroup;
			children = (
				584965511E3A6F6100FD570D /* DrawingView */,
				584965431E3A32B400FD570D /* LineMakerController.swift */,
				584965441E3A32B400FD570D /* LineMakerController.xib */,
			);
			name = LineMaker;
			sourceTree = "<group>";
		};
		5849653E1E3A319C00FD570D /* Supporting Files */ = {
			isa = PBXGroup;
			children = (
				584965301E3A308600FD570D /* Assets.xcassets */,
				584965321E3A308600FD570D /* LaunchScreen.storyboard */,
				584965351E3A308600FD570D /* Info.plist */,
			);
			name = "Supporting Files";
			sourceTree = "<group>";
		};
		584965471E3A37FD00FD570D /* VideoFilter */ = {
			isa = PBXGroup;
			children = (
				5849654C1E3A6CBD00FD570D /* FilterManager */,
				584965481E3A381F00FD570D /* VideoFilterController.swift */,
				584965491E3A381F00FD570D /* VideoFilterController.xib */,
			);
			name = VideoFilter;
			sourceTree = "<group>";
		};
		5849654C1E3A6CBD00FD570D /* FilterManager */ = {
			isa = PBXGroup;
			children = (
				5849654D1E3A6CC700FD570D /* FilterManager.swift */,
				5849654F1E3A6CE300FD570D /* FilterTypes.swift */,
			);
			name = FilterManager;
			sourceTree = "<group>";
		};
		584965511E3A6F6100FD570D /* DrawingView */ = {
			isa = PBXGroup;
			children = (
				584965521E3A6F7900FD570D /* DrawingView.swift */,
			);
			name = DrawingView;
			sourceTree = "<group>";
		};
/* End PBXGroup section */

/* Begin PBXNativeTarget section */
		584965251E3A308600FD570D /* LineMaker */ = {
			isa = PBXNativeTarget;
			buildConfigurationList = 584965381E3A308600FD570D /* Build configuration list for PBXNativeTarget "LineMaker" */;
			buildPhases = (
				584965221E3A308600FD570D /* Sources */,
				584965231E3A308600FD570D /* Frameworks */,
				584965241E3A308600FD570D /* Resources */,
			);
			buildRules = (
			);
			dependencies = (
			);
			name = LineMaker;
			productName = LineMaker;
			productReference = 584965261E3A308600FD570D /* LineMaker.app */;
			productType = "com.apple.product-type.application";
		};
/* End PBXNativeTarget section */

/* Begin PBXProject section */
		5849651E1E3A308500FD570D /* Project object */ = {
			isa = PBXProject;
			attributes = {
				LastSwiftUpdateCheck = 0810;
				LastUpgradeCheck = 0810;
				ORGANIZATIONNAME = AndreyPolyashev;
				TargetAttributes = {
					584965251E3A308600FD570D = {
						CreatedOnToolsVersion = 8.1;
						DevelopmentTeam = M8Q3U54STZ;
						ProvisioningStyle = Automatic;
					};
				};
			};
			buildConfigurationList = 584965211E3A308500FD570D /* Build configuration list for PBXProject "LineMaker" */;
			compatibilityVersion = "Xcode 3.2";
			developmentRegion = English;
			hasScannedForEncodings = 0;
			knownRegions = (
				en,
				Base,
			);
			mainGroup = 5849651D1E3A308500FD570D;
			productRefGroup = 584965271E3A308600FD570D /* Products */;
			projectDirPath = "";
			projectRoot = "";
			targets = (
				584965251E3A308600FD570D /* LineMaker */,
			);
		};
/* End PBXProject section */

/* Begin PBXResourcesBuildPhase section */
		584965241E3A308600FD570D /* Resources */ = {
			isa = PBXResourcesBuildPhase;
			buildActionMask = 2147483647;
			files = (
				584965461E3A32B400FD570D /* LineMakerController.xib in Resources */,
				584965341E3A308600FD570D /* LaunchScreen.storyboard in Resources */,
				584965311E3A308600FD570D /* Assets.xcassets in Resources */,
				5849652F1E3A308600FD570D /* Main.storyboard in Resources */,
				5849654B1E3A381F00FD570D /* VideoFilterController.xib in Resources */,
			);
			runOnlyForDeploymentPostprocessing = 0;
		};
/* End PBXResourcesBuildPhase section */

/* Begin PBXSourcesBuildPhase section */
		584965221E3A308600FD570D /* Sources */ = {
			isa = PBXSourcesBuildPhase;
			buildActionMask = 2147483647;
			files = (
				5849654A1E3A381F00FD570D /* VideoFilterController.swift in Sources */,
				584965451E3A32B400FD570D /* LineMakerController.swift in Sources */,
				5849652A1E3A308600FD570D /* AppDelegate.swift in Sources */,
				584965531E3A6F7900FD570D /* DrawingView.swift in Sources */,
				5849654E1E3A6CC700FD570D /* FilterManager.swift in Sources */,
				584965501E3A6CE300FD570D /* FilterTypes.swift in Sources */,
			);
			runOnlyForDeploymentPostprocessing = 0;
		};
/* End PBXSourcesBuildPhase section */

/* Begin PBXVariantGroup section */
		5849652D1E3A308600FD570D /* Main.storyboard */ = {
			isa = PBXVariantGroup;
			children = (
				5849652E1E3A308600FD570D /* Base */,
			);
			name = Main.storyboard;
			sourceTree = "<group>";
		};
		584965321E3A308600FD570D /* LaunchScreen.storyboard */ = {
			isa = PBXVariantGroup;
			children = (
				584965331E3A308600FD570D /* Base */,
			);
			name = LaunchScreen.storyboard;
			sourceTree = "<group>";
		};
/* End PBXVariantGroup section */

/* Begin XCBuildConfiguration section */
		584965361E3A308600FD570D /* Debug */ = {
			isa = XCBuildConfiguration;
			buildSettings = {
				ALWAYS_SEARCH_USER_PATHS = NO;
				CLANG_ANALYZER_NONNULL = YES;
				CLANG_CXX_LANGUAGE_STANDARD = "gnu++0x";
				CLANG_CXX_LIBRARY = "libc++";
				CLANG_ENABLE_MODULES = YES;
				CLANG_ENABLE_OBJC_ARC = YES;
				CLANG_WARN_BOOL_CONVERSION = YES;
				CLANG_WARN_CONSTANT_CONVERSION = YES;
				CLANG_WARN_DIRECT_OBJC_ISA_USAGE = YES_ERROR;
				CLANG_WARN_DOCUMENTATION_COMMENTS = YES;
				CLANG_WARN_EMPTY_BODY = YES;
				CLANG_WARN_ENUM_CONVERSION = YES;
				CLANG_WARN_INFINITE_RECURSION = YES;
				CLANG_WARN_INT_CONVERSION = YES;
				CLANG_WARN_OBJC_ROOT_CLASS = YES_ERROR;
				CLANG_WARN_SUSPICIOUS_MOVES = YES;
				CLANG_WARN_UNREACHABLE_CODE = YES;
				CLANG_WARN__DUPLICATE_METHOD_MATCH = YES;
				"CODE_SIGN_IDENTITY[sdk=iphoneos*]" = "iPhone Developer";
				COPY_PHASE_STRIP = NO;
				DEBUG_INFORMATION_FORMAT = dwarf;
				ENABLE_STRICT_OBJC_MSGSEND = YES;
				ENABLE_TESTABILITY = YES;
				GCC_C_LANGUAGE_STANDARD = gnu99;
				GCC_DYNAMIC_NO_PIC = NO;
				GCC_NO_COMMON_BLOCKS = YES;
				GCC_OPTIMIZATION_LEVEL = 0;
				GCC_PREPROCESSOR_DEFINITIONS = (
					"DEBUG=1",
					"$(inherited)",
				);
				GCC_WARN_64_TO_32_BIT_CONVERSION = YES;
				GCC_WARN_ABOUT_RETURN_TYPE = YES_ERROR;
				GCC_WARN_UNDECLARED_SELECTOR = YES;
				GCC_WARN_UNINITIALIZED_AUTOS = YES_AGGRESSIVE;
				GCC_WARN_UNUSED_FUNCTION = YES;
				GCC_WARN_UNUSED_VARIABLE = YES;
				IPHONEOS_DEPLOYMENT_TARGET = 10.1;
				MTL_ENABLE_DEBUG_INFO = YES;
				ONLY_ACTIVE_ARCH = YES;
				SDKROOT = iphoneos;
				SWIFT_ACTIVE_COMPILATION_CONDITIONS = DEBUG;
				SWIFT_OPTIMIZATION_LEVEL = "-Onone";
				TARGETED_DEVICE_FAMILY = "1,2";
			};
			name = Debug;
		};
		584965371E3A308600FD570D /* Release */ = {
			isa = XCBuildConfiguration;
			buildSettings = {
				ALWAYS_SEARCH_USER_PATHS = NO;
				CLANG_ANALYZER_NONNULL = YES;
				CLANG_CXX_LANGUAGE_STANDARD = "gnu++0x";
				CLANG_CXX_LIBRARY = "libc++";
				CLANG_ENABLE_MODULES = YES;
				CLANG_ENABLE_OBJC_ARC = YES;
				CLANG_WARN_BOOL_CONVERSION = YES;
				CLANG_WARN_CONSTANT_CONVERSION = YES;
				CLANG_WARN_DIRECT_OBJC_ISA_USAGE = YES_ERROR;
				CLANG_WARN_DOCUMENTATION_COMMENTS = YES;
				CLANG_WARN_EMPTY_BODY = YES;
				CLANG_WARN_ENUM_CONVERSION = YES;
				CLANG_WARN_INFINITE_RECURSION = YES;
				CLANG_WARN_INT_CONVERSION = YES;
				CLANG_WARN_OBJC_ROOT_CLASS = YES_ERROR;
				CLANG_WARN_SUSPICIOUS_MOVES = YES;
				CLANG_WARN_UNREACHABLE_CODE = YES;
				CLANG_WARN__DUPLICATE_METHOD_MATCH = YES;
				"CODE_SIGN_IDENTITY[sdk=iphoneos*]" = "iPhone Developer";
				COPY_PHASE_STRIP = NO;
				DEBUG_INFORMATION_FORMAT = "dwarf-with-dsym";
				ENABLE_NS_ASSERTIONS = NO;
				ENABLE_STRICT_OBJC_MSGSEND = YES;
				GCC_C_LANGUAGE_STANDARD = gnu99;
				GCC_NO_COMMON_BLOCKS = YES;
				GCC_WARN_64_TO_32_BIT_CONVERSION = YES;
				GCC_WARN_ABOUT_RETURN_TYPE = YES_ERROR;
				GCC_WARN_UNDECLARED_SELECTOR = YES;
				GCC_WARN_UNINITIALIZED_AUTOS = YES_AGGRESSIVE;
				GCC_WARN_UNUSED_FUNCTION = YES;
				GCC_WARN_UNUSED_VARIABLE = YES;
				IPHONEOS_DEPLOYMENT_TARGET = 10.1;
				MTL_ENABLE_DEBUG_INFO = NO;
				SDKROOT = iphoneos;
				SWIFT_OPTIMIZATION_LEVEL = "-Owholemodule";
				TARGETED_DEVICE_FAMILY = "1,2";
				VALIDATE_PRODUCT = YES;
			};
			name = Release;
		};
		584965391E3A308600FD570D /* Debug */ = {
			isa = XCBuildConfiguration;
			buildSettings = {
				ASSETCATALOG_COMPILER_APPICON_NAME = AppIcon;
				DEVELOPMENT_TEAM = M8Q3U54STZ;
				INFOPLIST_FILE = LineMaker/Info.plist;
				IPHONEOS_DEPLOYMENT_TARGET = 8.0;
				LD_RUNPATH_SEARCH_PATHS = "$(inherited) @executable_path/Frameworks";
				PRODUCT_BUNDLE_IDENTIFIER = AndreyPolyashev.LineMaker;
				PRODUCT_NAME = "$(TARGET_NAME)";
				SWIFT_VERSION = 3.0;
			};
			name = Debug;
		};
		5849653A1E3A308600FD570D /* Release */ = {
			isa = XCBuildConfiguration;
			buildSettings = {
				ASSETCATALOG_COMPILER_APPICON_NAME = AppIcon;
				DEVELOPMENT_TEAM = M8Q3U54STZ;
				INFOPLIST_FILE = LineMaker/Info.plist;
				IPHONEOS_DEPLOYMENT_TARGET = 8.0;
				LD_RUNPATH_SEARCH_PATHS = "$(inherited) @executable_path/Frameworks";
				PRODUCT_BUNDLE_IDENTIFIER = AndreyPolyashev.LineMaker;
				PRODUCT_NAME = "$(TARGET_NAME)";
				SWIFT_VERSION = 3.0;
			};
			name = Release;
		};
/* End XCBuildConfiguration section */

/* Begin XCConfigurationList section */
		584965211E3A308500FD570D /* Build configuration list for PBXProject "LineMaker" */ = {
			isa = XCConfigurationList;
			buildConfigurations = (
				584965361E3A308600FD570D /* Debug */,
				584965371E3A308600FD570D /* Release */,
			);
			defaultConfigurationIsVisible = 0;
			defaultConfigurationName = Release;
		};
		584965381E3A308600FD570D /* Build configuration list for PBXNativeTarget "LineMaker" */ = {
			isa = XCConfigurationList;
			buildConfigurations = (
				584965391E3A308600FD570D /* Debug */,
				5849653A1E3A308600FD570D /* Release */,
			);
			defaultConfigurationIsVisible = 0;
		};
/* End XCConfigurationList section */
	};
	rootObject = 5849651E1E3A308500FD570D /* Project object */;
}
